
Microsoft Visual Studio Solution File, Format Version 12.00
# Visual Studio Version 17
VisualStudioVersion = 17.7.34202.233
MinimumVisualStudioVersion = 10.0.40219.1
Project("{FAE04EC0-301F-11D3-BF4B-00C04F79EFBC}") = "521Assignment3", "521Assignment3\521Assignment3.csproj", "{1025B209-F2AB-4DCB-B11E-DBE889719532}"
EndProject
Project("{FAE04EC0-301F-11D3-BF4B-00C04F79EFBC}") = "Webapp.Models", "Webapp.Models\Webapp.Models.csproj", "{4FB2D808-49DA-4583-8F6C-4D04AE65061B}"
EndProject
Global
	GlobalSection(SolutionConfigurationPlatforms) = preSolution
		Debug|Any CPU = Debug|Any CPU
		Release|Any CPU = Release|Any CPU
	EndGlobalSection
	GlobalSection(ProjectConfigurationPlatforms) = postSolution
		{1025B209-F2AB-4DCB-B11E-DBE889719532}.Debug|Any CPU.ActiveCfg = Debug|Any CPU
		{1025B209-F2AB-4DCB-B11E-DBE889719532}.Debug|Any CPU.Build.0 = Debug|Any CPU
		{1025B209-F2AB-4DCB-B11E-DBE889719532}.Release|Any CPU.ActiveCfg = Release|Any CPU
		{1025B209-F2AB-4DCB-B11E-DBE889719532}.Release|Any CPU.Build.0 = Release|Any CPU
		{4FB2D808-49DA-4583-8F6C-4D04AE65061B}.Debug|Any CPU.ActiveCfg = Debug|Any CPU
		{4FB2D808-49DA-4583-8F6C-4D04AE65061B}.Debug|Any CPU.Build.0 = Debug|Any CPU
		{4FB2D808-49DA-4583-8F6C-4D04AE65061B}.Release|Any CPU.ActiveCfg = Release|Any CPU
		{4FB2D808-49DA-4583-8F6C-4D04AE65061B}.Release|Any CPU.Build.0 = Release|Any CPU
	EndGlobalSection
	GlobalSection(SolutionProperties) = preSolution
		HideSolutionNode = FALSE
	EndGlobalSection
	GlobalSection(ExtensibilityGlobals) = postSolution
		SolutionGuid = {916F0B1F-8B50-4430-BE30-62288B7800C9}
	EndGlobalSection
EndGlobal
